
Microsoft Visual Studio Solution File, Format Version 12.00
# Visual Studio 2013
VisualStudioVersion = 12.0.30110.0
MinimumVisualStudioVersion = 10.0.40219.1
Project("{FAE04EC0-301F-11D3-BF4B-00C04F79EFBC}") = "Quiron.LojaVirtual.Dominio", "Quiron.LojaVirtual.Dominio\Quiron.LojaVirtual.Dominio.csproj", "{D1F923A0-C0B7-42A9-86DD-BBD345F346A8}"
EndProject
Project("{FAE04EC0-301F-11D3-BF4B-00C04F79EFBC}") = "Quiron.LojaVirtual.Web", "Quiron.LojaVirtual.Web\Quiron.LojaVirtual.Web.csproj", "{ADD3EF20-9402-4869-88DD-EAC1362F14F4}"
EndProject
Project("{FAE04EC0-301F-11D3-BF4B-00C04F79EFBC}") = "Quiron.LojaVirtual.UnitTest", "Quiron.LojaVirtual.UnitTest\Quiron.LojaVirtual.UnitTest.csproj", "{5DEDED62-EFF2-4993-94DF-7ABB4BF93174}"
EndProject
Global
	GlobalSection(SolutionConfigurationPlatforms) = preSolution
		Debug|Any CPU = Debug|Any CPU
		Release|Any CPU = Release|Any CPU
	EndGlobalSection
	GlobalSection(ProjectConfigurationPlatforms) = postSolution
		{D1F923A0-C0B7-42A9-86DD-BBD345F346A8}.Debug|Any CPU.ActiveCfg = Debug|Any CPU
		{D1F923A0-C0B7-42A9-86DD-BBD345F346A8}.Debug|Any CPU.Build.0 = Debug|Any CPU
		{D1F923A0-C0B7-42A9-86DD-BBD345F346A8}.Release|Any CPU.ActiveCfg = Release|Any CPU
		{D1F923A0-C0B7-42A9-86DD-BBD345F346A8}.Release|Any CPU.Build.0 = Release|Any CPU
		{ADD3EF20-9402-4869-88DD-EAC1362F14F4}.Debug|Any CPU.ActiveCfg = Debug|Any CPU
		{ADD3EF20-9402-4869-88DD-EAC1362F14F4}.Debug|Any CPU.Build.0 = Debug|Any CPU
		{ADD3EF20-9402-4869-88DD-EAC1362F14F4}.Release|Any CPU.ActiveCfg = Release|Any CPU
		{ADD3EF20-9402-4869-88DD-EAC1362F14F4}.Release|Any CPU.Build.0 = Release|Any CPU
		{5DEDED62-EFF2-4993-94DF-7ABB4BF93174}.Debug|Any CPU.ActiveCfg = Debug|Any CPU
		{5DEDED62-EFF2-4993-94DF-7ABB4BF93174}.Debug|Any CPU.Build.0 = Debug|Any CPU
		{5DEDED62-EFF2-4993-94DF-7ABB4BF93174}.Release|Any CPU.ActiveCfg = Release|Any CPU
		{5DEDED62-EFF2-4993-94DF-7ABB4BF93174}.Release|Any CPU.Build.0 = Release|Any CPU
	EndGlobalSection
	GlobalSection(SolutionProperties) = preSolution
		HideSolutionNode = FALSE
	EndGlobalSection
EndGlobal
